// !$*UTF8*$!
{
	archiveVersion = 1;
	classes = {
	};
	objectVersion = 56;
	objects = {

/* Begin PBXBuildFile section */
		7A9059CD2D78726C000F3570 /* LazyLoadingListApp.swift in Sources */ = {isa = PBXBuildFile; fileRef = 7A9059CC2D78726C000F3570 /* LazyLoadingListApp.swift */; };
		7A9059D12D787270000F3570 /* Assets.xcassets in Resources */ = {isa = PBXBuildFile; fileRef = 7A9059D02D787270000F3570 /* Assets.xcassets */; };
		7A9059D42D787270000F3570 /* Preview Assets.xcassets in Resources */ = {isa = PBXBuildFile; fileRef = 7A9059D32D787270000F3570 /* Preview Assets.xcassets */; };
		7A9059DC2D787309000F3570 /* ListUIView.swift in Sources */ = {isa = PBXBuildFile; fileRef = 7A9059DB2D787309000F3570 /* ListUIView.swift */; };
		7A9059DF2D78735E000F3570 /* ListViewModel.swift in Sources */ = {isa = PBXBuildFile; fileRef = 7A9059DE2D78735E000F3570 /* ListViewModel.swift */; };
		7A9059E22D7873A1000F3570 /* ListItem.swift in Sources */ = {isa = PBXBuildFile; fileRef = 7A9059E12D7873A1000F3570 /* ListItem.swift */; };
		7A9059E52D7873E7000F3570 /* ListService.swift in Sources */ = {isa = PBXBuildFile; fileRef = 7A9059E42D7873E7000F3570 /* ListService.swift */; };
		7A9059E82D787447000F3570 /* AsyncImageView.swift in Sources */ = {isa = PBXBuildFile; fileRef = 7A9059E72D787447000F3570 /* AsyncImageView.swift */; };
		7A9059EA2D78746C000F3570 /* ImageLoader.swift in Sources */ = {isa = PBXBuildFile; fileRef = 7A9059E92D78746C000F3570 /* ImageLoader.swift */; };
/* End PBXBuildFile section */

/* Begin PBXFileReference section */
		7A9059C92D78726C000F3570 /* LazyLoadingListApp.app */ = {isa = PBXFileReference; explicitFileType = wrapper.application; includeInIndex = 0; path = LazyLoadingListApp.app; sourceTree = BUILT_PRODUCTS_DIR; };
		7A9059CC2D78726C000F3570 /* LazyLoadingListApp.swift */ = {isa = PBXFileReference; lastKnownFileType = sourcecode.swift; path = LazyLoadingListApp.swift; sourceTree = "<group>"; };
		7A9059D02D787270000F3570 /* Assets.xcassets */ = {isa = PBXFileReference; lastKnownFileType = folder.assetcatalog; path = Assets.xcassets; sourceTree = "<group>"; };
		7A9059D32D787270000F3570 /* Preview Assets.xcassets */ = {isa = PBXFileReference; lastKnownFileType = folder.assetcatalog; path = "Preview Assets.xcassets"; sourceTree = "<group>"; };
		7A9059DB2D787309000F3570 /* ListUIView.swift */ = {isa = PBXFileReference; lastKnownFileType = sourcecode.swift; path = ListUIView.swift; sourceTree = "<group>"; };
		7A9059DE2D78735E000F3570 /* ListViewModel.swift */ = {isa = PBXFileReference; lastKnownFileType = sourcecode.swift; path = ListViewModel.swift; sourceTree = "<group>"; };
		7A9059E12D7873A1000F3570 /* ListItem.swift */ = {isa = PBXFileReference; lastKnownFileType = sourcecode.swift; path = ListItem.swift; sourceTree = "<group>"; };
		7A9059E42D7873E7000F3570 /* ListService.swift */ = {isa = PBXFileReference; lastKnownFileType = sourcecode.swift; path = ListService.swift; sourceTree = "<group>"; };
		7A9059E72D787447000F3570 /* AsyncImageView.swift */ = {isa = PBXFileReference; lastKnownFileType = sourcecode.swift; path = AsyncImageView.swift; sourceTree = "<group>"; };
		7A9059E92D78746C000F3570 /* ImageLoader.swift */ = {isa = PBXFileReference; lastKnownFileType = sourcecode.swift; path = ImageLoader.swift; sourceTree = "<group>"; };
/* End PBXFileReference section */

/* Begin PBXFrameworksBuildPhase section */
		7A9059C62D78726C000F3570 /* Frameworks */ = {
			isa = PBXFrameworksBuildPhase;
			buildActionMask = 2147483647;
			files = (
			);
			runOnlyForDeploymentPostprocessing = 0;
		};
/* End PBXFrameworksBuildPhase section */

/* Begin PBXGroup section */
		7A9059C02D78726C000F3570 = {
			isa = PBXGroup;
			children = (
				7A9059CB2D78726C000F3570 /* LazyLoadingListApp */,
				7A9059CA2D78726C000F3570 /* Products */,
			);
			sourceTree = "<group>";
		};
		7A9059CA2D78726C000F3570 /* Products */ = {
			isa = PBXGroup;
			children = (
				7A9059C92D78726C000F3570 /* LazyLoadingListApp.app */,
			);
			name = Products;
			sourceTree = "<group>";
		};
		7A9059CB2D78726C000F3570 /* LazyLoadingListApp */ = {
			isa = PBXGroup;
			children = (
				7A9059CC2D78726C000F3570 /* LazyLoadingListApp.swift */,
				7A9059E62D787424000F3570 /* Utills */,
				7A9059E32D7873C7000F3570 /* Services */,
				7A9059E02D787386000F3570 /* Models */,
				7A9059DD2D787347000F3570 /* ViewModels */,
				7A9059DA2D7872EA000F3570 /* Views */,
				7A9059D02D787270000F3570 /* Assets.xcassets */,
				7A9059D22D787270000F3570 /* Preview Content */,
			);
			path = LazyLoadingListApp;
			sourceTree = "<group>";
		};
		7A9059D22D787270000F3570 /* Preview Content */ = {
			isa = PBXGroup;
			children = (
				7A9059D32D787270000F3570 /* Preview Assets.xcassets */,
			);
			path = "Preview Content";
			sourceTree = "<group>";
		};
		7A9059DA2D7872EA000F3570 /* Views */ = {
			isa = PBXGroup;
			children = (
				7A9059DB2D787309000F3570 /* ListUIView.swift */,
			);
			path = Views;
			sourceTree = "<group>";
		};
		7A9059DD2D787347000F3570 /* ViewModels */ = {
			isa = PBXGroup;
			children = (
				7A9059DE2D78735E000F3570 /* ListViewModel.swift */,
			);
			path = ViewModels;
			sourceTree = "<group>";
		};
		7A9059E02D787386000F3570 /* Models */ = {
			isa = PBXGroup;
			children = (
				7A9059E12D7873A1000F3570 /* ListItem.swift */,
			);
			path = Models;
			sourceTree = "<group>";
		};
		7A9059E32D7873C7000F3570 /* Services */ = {
			isa = PBXGroup;
			children = (
				7A9059E42D7873E7000F3570 /* ListService.swift */,
			);
			path = Services;
			sourceTree = "<group>";
		};
		7A9059E62D787424000F3570 /* Utills */ = {
			isa = PBXGroup;
			children = (
				7A9059E72D787447000F3570 /* AsyncImageView.swift */,
				7A9059E92D78746C000F3570 /* ImageLoader.swift */,
			);
			path = Utills;
			sourceTree = "<group>";
		};
/* End PBXGroup section */

/* Begin PBXNativeTarget section */
		7A9059C82D78726C000F3570 /* LazyLoadingListApp */ = {
			isa = PBXNativeTarget;
			buildConfigurationList = 7A9059D72D787270000F3570 /* Build configuration list for PBXNativeTarget "LazyLoadingListApp" */;
			buildPhases = (
				7A9059C52D78726C000F3570 /* Sources */,
				7A9059C62D78726C000F3570 /* Frameworks */,
				7A9059C72D78726C000F3570 /* Resources */,
			);
			buildRules = (
			);
			dependencies = (
			);
			name = LazyLoadingListApp;
			productName = LazyLoadingListApp;
			productReference = 7A9059C92D78726C000F3570 /* LazyLoadingListApp.app */;
			productType = "com.apple.product-type.application";
		};
/* End PBXNativeTarget section */

/* Begin PBXProject section */
		7A9059C12D78726C000F3570 /* Project object */ = {
			isa = PBXProject;
			attributes = {
				BuildIndependentTargetsInParallel = 1;
				LastSwiftUpdateCheck = 1420;
				LastUpgradeCheck = 1420;
				TargetAttributes = {
					7A9059C82D78726C000F3570 = {
						CreatedOnToolsVersion = 14.2;
					};
				};
			};
			buildConfigurationList = 7A9059C42D78726C000F3570 /* Build configuration list for PBXProject "LazyLoadingListApp" */;
			compatibilityVersion = "Xcode 14.0";
			developmentRegion = en;
			hasScannedForEncodings = 0;
			knownRegions = (
				en,
				Base,
			);
			mainGroup = 7A9059C02D78726C000F3570;
			productRefGroup = 7A9059CA2D78726C000F3570 /* Products */;
			projectDirPath = "";
			projectRoot = "";
			targets = (
				7A9059C82D78726C000F3570 /* LazyLoadingListApp */,
			);
		};
/* End PBXProject section */

/* Begin PBXResourcesBuildPhase section */
		7A9059C72D78726C000F3570 /* Resources */ = {
			isa = PBXResourcesBuildPhase;
			buildActionMask = 2147483647;
			files = (
				7A9059D42D787270000F3570 /* Preview Assets.xcassets in Resources */,
				7A9059D12D787270000F3570 /* Assets.xcassets in Resources */,
			);
			runOnlyForDeploymentPostprocessing = 0;
		};
/* End PBXResourcesBuildPhase section */

/* Begin PBXSourcesBuildPhase section */
		7A9059C52D78726C000F3570 /* Sources */ = {
			isa = PBXSourcesBuildPhase;
			buildActionMask = 2147483647;
			files = (
				7A9059E22D7873A1000F3570 /* ListItem.swift in Sources */,
				7A9059DC2D787309000F3570 /* ListUIView.swift in Sources */,
				7A9059E52D7873E7000F3570 /* ListService.swift in Sources */,
				7A9059DF2D78735E000F3570 /* ListViewModel.swift in Sources */,
				7A9059CD2D78726C000F3570 /* LazyLoadingListApp.swift in Sources */,
				7A9059EA2D78746C000F3570 /* ImageLoader.swift in Sources */,
				7A9059E82D787447000F3570 /* AsyncImageView.swift in Sources */,
			);
			runOnlyForDeploymentPostprocessing = 0;
		};
/* End PBXSourcesBuildPhase section */

/* Begin XCBuildConfiguration section */
		7A9059D52D787270000F3570 /* Debug */ = {
			isa = XCBuildConfiguration;
			buildSettings = {
				ALWAYS_SEARCH_USER_PATHS = NO;
				CLANG_ANALYZER_NONNULL = YES;
				CLANG_ANALYZER_NUMBER_OBJECT_CONVERSION = YES_AGGRESSIVE;
				CLANG_CXX_LANGUAGE_STANDARD = "gnu++20";
				CLANG_ENABLE_MODULES = YES;
				CLANG_ENABLE_OBJC_ARC = YES;
				CLANG_ENABLE_OBJC_WEAK = YES;
				CLANG_WARN_BLOCK_CAPTURE_AUTORELEASING = YES;
				CLANG_WARN_BOOL_CONVERSION = YES;
				CLANG_WARN_COMMA = YES;
				CLANG_WARN_CONSTANT_CONVERSION = YES;
				CLANG_WARN_DEPRECATED_OBJC_IMPLEMENTATIONS = YES;
				CLANG_WARN_DIRECT_OBJC_ISA_USAGE = YES_ERROR;
				CLANG_WARN_DOCUMENTATION_COMMENTS = YES;
				CLANG_WARN_EMPTY_BODY = YES;
				CLANG_WARN_ENUM_CONVERSION = YES;
				CLANG_WARN_INFINITE_RECURSION = YES;
				CLANG_WARN_INT_CONVERSION = YES;
				CLANG_WARN_NON_LITERAL_NULL_CONVERSION = YES;
				CLANG_WARN_OBJC_IMPLICIT_RETAIN_SELF = YES;
				CLANG_WARN_OBJC_LITERAL_CONVERSION = YES;
				CLANG_WARN_OBJC_ROOT_CLASS = YES_ERROR;
				CLANG_WARN_QUOTED_INCLUDE_IN_FRAMEWORK_HEADER = YES;
				CLANG_WARN_RANGE_LOOP_ANALYSIS = YES;
				CLANG_WARN_STRICT_PROTOTYPES = YES;
				CLANG_WARN_SUSPICIOUS_MOVE = YES;
				CLANG_WARN_UNGUARDED_AVAILABILITY = YES_AGGRESSIVE;
				CLANG_WARN_UNREACHABLE_CODE = YES;
				CLANG_WARN__DUPLICATE_METHOD_MATCH = YES;
				COPY_PHASE_STRIP = NO;
				DEBUG_INFORMATION_FORMAT = dwarf;
				ENABLE_STRICT_OBJC_MSGSEND = YES;
				ENABLE_TESTABILITY = YES;
				GCC_C_LANGUAGE_STANDARD = gnu11;
				GCC_DYNAMIC_NO_PIC = NO;
				GCC_NO_COMMON_BLOCKS = YES;
				GCC_OPTIMIZATION_LEVEL = 0;
				GCC_PREPROCESSOR_DEFINITIONS = (
					"DEBUG=1",
					"$(inherited)",
				);
				GCC_WARN_64_TO_32_BIT_CONVERSION = YES;
				GCC_WARN_ABOUT_RETURN_TYPE = YES_ERROR;
				GCC_WARN_UNDECLARED_SELECTOR = YES;
				GCC_WARN_UNINITIALIZED_AUTOS = YES_AGGRESSIVE;
				GCC_WARN_UNUSED_FUNCTION = YES;
				GCC_WARN_UNUSED_VARIABLE = YES;
				IPHONEOS_DEPLOYMENT_TARGET = 16.2;
				MTL_ENABLE_DEBUG_INFO = INCLUDE_SOURCE;
				MTL_FAST_MATH = YES;
				ONLY_ACTIVE_ARCH = YES;
				SDKROOT = iphoneos;
				SWIFT_ACTIVE_COMPILATION_CONDITIONS = DEBUG;
				SWIFT_OPTIMIZATION_LEVEL = "-Onone";
			};
			name = Debug;
		};
		7A9059D62D787270000F3570 /* Release */ = {
			isa = XCBuildConfiguration;
			buildSettings = {
				ALWAYS_SEARCH_USER_PATHS = NO;
				CLANG_ANALYZER_NONNULL = YES;
				CLANG_ANALYZER_NUMBER_OBJECT_CONVERSION = YES_AGGRESSIVE;
				CLANG_CXX_LANGUAGE_STANDARD = "gnu++20";
				CLANG_ENABLE_MODULES = YES;
				CLANG_ENABLE_OBJC_ARC = YES;
				CLANG_ENABLE_OBJC_WEAK = YES;
				CLANG_WARN_BLOCK_CAPTURE_AUTORELEASING = YES;
				CLANG_WARN_BOOL_CONVERSION = YES;
				CLANG_WARN_COMMA = YES;
				CLANG_WARN_CONSTANT_CONVERSION = YES;
				CLANG_WARN_DEPRECATED_OBJC_IMPLEMENTATIONS = YES;
				CLANG_WARN_DIRECT_OBJC_ISA_USAGE = YES_ERROR;
				CLANG_WARN_DOCUMENTATION_COMMENTS = YES;
				CLANG_WARN_EMPTY_BODY = YES;
				CLANG_WARN_ENUM_CONVERSION = YES;
				CLANG_WARN_INFINITE_RECURSION = YES;
				CLANG_WARN_INT_CONVERSION = YES;
				CLANG_WARN_NON_LITERAL_NULL_CONVERSION = YES;
				CLANG_WARN_OBJC_IMPLICIT_RETAIN_SELF = YES;
				CLANG_WARN_OBJC_LITERAL_CONVERSION = YES;
				CLANG_WARN_OBJC_ROOT_CLASS = YES_ERROR;
				CLANG_WARN_QUOTED_INCLUDE_IN_FRAMEWORK_HEADER = YES;
				CLANG_WARN_RANGE_LOOP_ANALYSIS = YES;
				CLANG_WARN_STRICT_PROTOTYPES = YES;
				CLANG_WARN_SUSPICIOUS_MOVE = YES;
				CLANG_WARN_UNGUARDED_AVAILABILITY = YES_AGGRESSIVE;
				CLANG_WARN_UNREACHABLE_CODE = YES;
				CLANG_WARN__DUPLICATE_METHOD_MATCH = YES;
				COPY_PHASE_STRIP = NO;
				DEBUG_INFORMATION_FORMAT = "dwarf-with-dsym";
				ENABLE_NS_ASSERTIONS = NO;
				ENABLE_STRICT_OBJC_MSGSEND = YES;
				GCC_C_LANGUAGE_STANDARD = gnu11;
				GCC_NO_COMMON_BLOCKS = YES;
				GCC_WARN_64_TO_32_BIT_CONVERSION = YES;
				GCC_WARN_ABOUT_RETURN_TYPE = YES_ERROR;
				GCC_WARN_UNDECLARED_SELECTOR = YES;
				GCC_WARN_UNINITIALIZED_AUTOS = YES_AGGRESSIVE;
				GCC_WARN_UNUSED_FUNCTION = YES;
				GCC_WARN_UNUSED_VARIABLE = YES;
				IPHONEOS_DEPLOYMENT_TARGET = 16.2;
				MTL_ENABLE_DEBUG_INFO = NO;
				MTL_FAST_MATH = YES;
				SDKROOT = iphoneos;
				SWIFT_COMPILATION_MODE = wholemodule;
				SWIFT_OPTIMIZATION_LEVEL = "-O";
				VALIDATE_PRODUCT = YES;
			};
			name = Release;
		};
		7A9059D82D787270000F3570 /* Debug */ = {
			isa = XCBuildConfiguration;
			buildSettings = {
				ASSETCATALOG_COMPILER_APPICON_NAME = AppIcon;
				ASSETCATALOG_COMPILER_GLOBAL_ACCENT_COLOR_NAME = AccentColor;
				CODE_SIGN_STYLE = Automatic;
				CURRENT_PROJECT_VERSION = 1;
				DEVELOPMENT_ASSET_PATHS = "\"LazyLoadingListApp/Preview Content\"";
				DEVELOPMENT_TEAM = 7PH9J3ULMY;
				ENABLE_PREVIEWS = YES;
				GENERATE_INFOPLIST_FILE = YES;
				INFOPLIST_KEY_UIApplicationSceneManifest_Generation = YES;
				INFOPLIST_KEY_UIApplicationSupportsIndirectInputEvents = YES;
				INFOPLIST_KEY_UILaunchScreen_Generation = YES;
				INFOPLIST_KEY_UISupportedInterfaceOrientations_iPad = "UIInterfaceOrientationPortrait UIInterfaceOrientationPortraitUpsideDown UIInterfaceOrientationLandscapeLeft UIInterfaceOrientationLandscapeRight";
				INFOPLIST_KEY_UISupportedInterfaceOrientations_iPhone = "UIInterfaceOrientationPortrait UIInterfaceOrientationLandscapeLeft UIInterfaceOrientationLandscapeRight";
				LD_RUNPATH_SEARCH_PATHS = (
					"$(inherited)",
					"@executable_path/Frameworks",
				);
				MARKETING_VERSION = 1.0;
				PRODUCT_BUNDLE_IDENTIFIER = com.ajay.LazyLoadingListApp.LazyLoadingListApp;
				PRODUCT_NAME = "$(TARGET_NAME)";
				SWIFT_EMIT_LOC_STRINGS = YES;
				SWIFT_VERSION = 5.0;
				TARGETED_DEVICE_FAMILY = "1,2";
			};
			name = Debug;
		};
		7A9059D92D787270000F3570 /* Release */ = {
			isa = XCBuildConfiguration;
			buildSettings = {
				ASSETCATALOG_COMPILER_APPICON_NAME = AppIcon;
				ASSETCATALOG_COMPILER_GLOBAL_ACCENT_COLOR_NAME = AccentColor;
				CODE_SIGN_STYLE = Automatic;
				CURRENT_PROJECT_VERSION = 1;
				DEVELOPMENT_ASSET_PATHS = "\"LazyLoadingListApp/Preview Content\"";
				DEVELOPMENT_TEAM = 7PH9J3ULMY;
				ENABLE_PREVIEWS = YES;
				GENERATE_INFOPLIST_FILE = YES;
				INFOPLIST_KEY_UIApplicationSceneManifest_Generation = YES;
				INFOPLIST_KEY_UIApplicationSupportsIndirectInputEvents = YES;
				INFOPLIST_KEY_UILaunchScreen_Generation = YES;
				INFOPLIST_KEY_UISupportedInterfaceOrientations_iPad = "UIInterfaceOrientationPortrait UIInterfaceOrientationPortraitUpsideDown UIInterfaceOrientationLandscapeLeft UIInterfaceOrientationLandscapeRight";
				INFOPLIST_KEY_UISupportedInterfaceOrientations_iPhone = "UIInterfaceOrientationPortrait UIInterfaceOrientationLandscapeLeft UIInterfaceOrientationLandscapeRight";
				LD_RUNPATH_SEARCH_PATHS = (
					"$(inherited)",
					"@executable_path/Frameworks",
				);
				MARKETING_VERSION = 1.0;
				PRODUCT_BUNDLE_IDENTIFIER = com.ajay.LazyLoadingListApp.LazyLoadingListApp;
				PRODUCT_NAME = "$(TARGET_NAME)";
				SWIFT_EMIT_LOC_STRINGS = YES;
				SWIFT_VERSION = 5.0;
				TARGETED_DEVICE_FAMILY = "1,2";
			};
			name = Release;
		};
/* End XCBuildConfiguration section */

/* Begin XCConfigurationList section */
		7A9059C42D78726C000F3570 /* Build configuration list for PBXProject "LazyLoadingListApp" */ = {
			isa = XCConfigurationList;
			buildConfigurations = (
				7A9059D52D787270000F3570 /* Debug */,
				7A9059D62D787270000F3570 /* Release */,
			);
			defaultConfigurationIsVisible = 0;
			defaultConfigurationName = Release;
		};
		7A9059D72D787270000F3570 /* Build configuration list for PBXNativeTarget "LazyLoadingListApp" */ = {
			isa = XCConfigurationList;
			buildConfigurations = (
				7A9059D82D787270000F3570 /* Debug */,
				7A9059D92D787270000F3570 /* Release */,
			);
			defaultConfigurationIsVisible = 0;
			defaultConfigurationName = Release;
		};
/* End XCConfigurationList section */
	};
	rootObject = 7A9059C12D78726C000F3570 /* Project object */;
}
